// !$*UTF8*$!
{
	archiveVersion = 1;
	classes = {
	};
	objectVersion = 48;
	objects = {

/* Begin PBXBuildFile section */
		091F88F91FB81B8700572604 /* HomeViewController.swift in Sources */ = {isa = PBXBuildFile; fileRef = 091F88F81FB81B8700572604 /* HomeViewController.swift */; };
		0956A41C1FB804C400FC125A /* DetailedFeedbackViewController.swift in Sources */ = {isa = PBXBuildFile; fileRef = 0956A41B1FB804C400FC125A /* DetailedFeedbackViewController.swift */; };
		095C11681FB6EB9D009FDBFB /* Array.swift in Sources */ = {isa = PBXBuildFile; fileRef = 095C11671FB6EB9C009FDBFB /* Array.swift */; };
		095C116A1FB6EBA4009FDBFB /* CVPixelBuffer+Helpers.swift in Sources */ = {isa = PBXBuildFile; fileRef = 095C11691FB6EBA4009FDBFB /* CVPixelBuffer+Helpers.swift */; };
		095C116C1FB6EBAB009FDBFB /* Math.swift in Sources */ = {isa = PBXBuildFile; fileRef = 095C116B1FB6EBAB009FDBFB /* Math.swift */; };
		095C116E1FB6EBB3009FDBFB /* MLMultiArray+Image.swift in Sources */ = {isa = PBXBuildFile; fileRef = 095C116D1FB6EBB3009FDBFB /* MLMultiArray+Image.swift */; };
		095C11701FB6EBBB009FDBFB /* MultiArray.swift in Sources */ = {isa = PBXBuildFile; fileRef = 095C116F1FB6EBBA009FDBFB /* MultiArray.swift */; };
		095C11721FB6EBC3009FDBFB /* NonMaxSuppression.swift in Sources */ = {isa = PBXBuildFile; fileRef = 095C11711FB6EBC3009FDBFB /* NonMaxSuppression.swift */; };
		095C11741FB6EBCF009FDBFB /* Predictions.swift in Sources */ = {isa = PBXBuildFile; fileRef = 095C11731FB6EBCE009FDBFB /* Predictions.swift */; };
		095C11761FB6EBD5009FDBFB /* UIImage+CVPixelBuffer.swift in Sources */ = {isa = PBXBuildFile; fileRef = 095C11751FB6EBD5009FDBFB /* UIImage+CVPixelBuffer.swift */; };
		099ED9F71FB7B9E700D3B8A5 /* FeedbackTableViewCell.swift in Sources */ = {isa = PBXBuildFile; fileRef = 099ED9F61FB7B9E700D3B8A5 /* FeedbackTableViewCell.swift */; };
		09A35FB31FB7243D00434823 /* openposescale.mlmodel in Sources */ = {isa = PBXBuildFile; fileRef = 09A35FB21FB723FC00434823 /* openposescale.mlmodel */; };
		09D950741FB691FC004EF16B /* AppDelegate.swift in Sources */ = {isa = PBXBuildFile; fileRef = 09D950731FB691FC004EF16B /* AppDelegate.swift */; };
		09D950761FB691FC004EF16B /* ViewController.swift in Sources */ = {isa = PBXBuildFile; fileRef = 09D950751FB691FC004EF16B /* ViewController.swift */; };
		09D950791FB691FC004EF16B /* Main.storyboard in Resources */ = {isa = PBXBuildFile; fileRef = 09D950771FB691FC004EF16B /* Main.storyboard */; };
		09D9507C1FB691FC004EF16B /* SquatCheck.xcdatamodeld in Sources */ = {isa = PBXBuildFile; fileRef = 09D9507A1FB691FC004EF16B /* SquatCheck.xcdatamodeld */; };
		09D9507E1FB691FC004EF16B /* Assets.xcassets in Resources */ = {isa = PBXBuildFile; fileRef = 09D9507D1FB691FC004EF16B /* Assets.xcassets */; };
		09D950811FB691FC004EF16B /* LaunchScreen.storyboard in Resources */ = {isa = PBXBuildFile; fileRef = 09D9507F1FB691FC004EF16B /* LaunchScreen.storyboard */; };
		09D9508C1FB691FC004EF16B /* SquatCheckTests.swift in Sources */ = {isa = PBXBuildFile; fileRef = 09D9508B1FB691FC004EF16B /* SquatCheckTests.swift */; };
		09D950971FB691FC004EF16B /* SquatCheckUITests.swift in Sources */ = {isa = PBXBuildFile; fileRef = 09D950961FB691FC004EF16B /* SquatCheckUITests.swift */; };
		09D950A51FB69325004EF16B /* FrameExtractor.swift in Sources */ = {isa = PBXBuildFile; fileRef = 09D950A41FB69325004EF16B /* FrameExtractor.swift */; };
		09E96FFE1FB7630400832620 /* FeedbackViewController.swift in Sources */ = {isa = PBXBuildFile; fileRef = 09E96FFD1FB7630400832620 /* FeedbackViewController.swift */; };
/* End PBXBuildFile section */

/* Begin PBXContainerItemProxy section */
		09D950881FB691FC004EF16B /* PBXContainerItemProxy */ = {
			isa = PBXContainerItemProxy;
			containerPortal = 09D950681FB691FC004EF16B /* Project object */;
			proxyType = 1;
			remoteGlobalIDString = 09D9506F1FB691FC004EF16B;
			remoteInfo = SquatCheck;
		};
		09D950931FB691FC004EF16B /* PBXContainerItemProxy */ = {
			isa = PBXContainerItemProxy;
			containerPortal = 09D950681FB691FC004EF16B /* Project object */;
			proxyType = 1;
			remoteGlobalIDString = 09D9506F1FB691FC004EF16B;
			remoteInfo = SquatCheck;
		};
/* End PBXContainerItemProxy section */

/* Begin PBXFileReference section */
		091F88F81FB81B8700572604 /* HomeViewController.swift */ = {isa = PBXFileReference; lastKnownFileType = sourcecode.swift; path = HomeViewController.swift; sourceTree = "<group>"; };
		0956A41B1FB804C400FC125A /* DetailedFeedbackViewController.swift */ = {isa = PBXFileReference; lastKnownFileType = sourcecode.swift; path = DetailedFeedbackViewController.swift; sourceTree = "<group>"; };
		095C11671FB6EB9C009FDBFB /* Array.swift */ = {isa = PBXFileReference; lastKnownFileType = sourcecode.swift; path = Array.swift; sourceTree = "<group>"; };
		095C11691FB6EBA4009FDBFB /* CVPixelBuffer+Helpers.swift */ = {isa = PBXFileReference; lastKnownFileType = sourcecode.swift; path = "CVPixelBuffer+Helpers.swift"; sourceTree = "<group>"; };
		095C116B1FB6EBAB009FDBFB /* Math.swift */ = {isa = PBXFileReference; lastKnownFileType = sourcecode.swift; path = Math.swift; sourceTree = "<group>"; };
		095C116D1FB6EBB3009FDBFB /* MLMultiArray+Image.swift */ = {isa = PBXFileReference; lastKnownFileType = sourcecode.swift; path = "MLMultiArray+Image.swift"; sourceTree = "<group>"; };
		095C116F1FB6EBBA009FDBFB /* MultiArray.swift */ = {isa = PBXFileReference; lastKnownFileType = sourcecode.swift; path = MultiArray.swift; sourceTree = "<group>"; };
		095C11711FB6EBC3009FDBFB /* NonMaxSuppression.swift */ = {isa = PBXFileReference; lastKnownFileType = sourcecode.swift; path = NonMaxSuppression.swift; sourceTree = "<group>"; };
		095C11731FB6EBCE009FDBFB /* Predictions.swift */ = {isa = PBXFileReference; lastKnownFileType = sourcecode.swift; path = Predictions.swift; sourceTree = "<group>"; };
		095C11751FB6EBD5009FDBFB /* UIImage+CVPixelBuffer.swift */ = {isa = PBXFileReference; lastKnownFileType = sourcecode.swift; path = "UIImage+CVPixelBuffer.swift"; sourceTree = "<group>"; };
		099ED9F61FB7B9E700D3B8A5 /* FeedbackTableViewCell.swift */ = {isa = PBXFileReference; lastKnownFileType = sourcecode.swift; path = FeedbackTableViewCell.swift; sourceTree = "<group>"; };
		09A35FB21FB723FC00434823 /* openposescale.mlmodel */ = {isa = PBXFileReference; lastKnownFileType = file.mlmodel; path = openposescale.mlmodel; sourceTree = "<group>"; };
		09D950701FB691FC004EF16B /* SquatCheck.app */ = {isa = PBXFileReference; explicitFileType = wrapper.application; includeInIndex = 0; path = SquatCheck.app; sourceTree = BUILT_PRODUCTS_DIR; };
		09D950731FB691FC004EF16B /* AppDelegate.swift */ = {isa = PBXFileReference; lastKnownFileType = sourcecode.swift; path = AppDelegate.swift; sourceTree = "<group>"; };
		09D950751FB691FC004EF16B /* ViewController.swift */ = {isa = PBXFileReference; lastKnownFileType = sourcecode.swift; path = ViewController.swift; sourceTree = "<group>"; };
		09D950781FB691FC004EF16B /* Base */ = {isa = PBXFileReference; lastKnownFileType = file.storyboard; name = Base; path = Base.lproj/Main.storyboard; sourceTree = "<group>"; };
		09D9507B1FB691FC004EF16B /* SquatCheck.xcdatamodel */ = {isa = PBXFileReference; lastKnownFileType = wrapper.xcdatamodel; path = SquatCheck.xcdatamodel; sourceTree = "<group>"; };
		09D9507D1FB691FC004EF16B /* Assets.xcassets */ = {isa = PBXFileReference; lastKnownFileType = folder.assetcatalog; path = Assets.xcassets; sourceTree = "<group>"; };
		09D950801FB691FC004EF16B /* Base */ = {isa = PBXFileReference; lastKnownFileType = file.storyboard; name = Base; path = Base.lproj/LaunchScreen.storyboard; sourceTree = "<group>"; };
		09D950821FB691FC004EF16B /* Info.plist */ = {isa = PBXFileReference; lastKnownFileType = text.plist.xml; path = Info.plist; sourceTree = "<group>"; };
		09D950871FB691FC004EF16B /* SquatCheckTests.xctest */ = {isa = PBXFileReference; explicitFileType = wrapper.cfbundle; includeInIndex = 0; path = SquatCheckTests.xctest; sourceTree = BUILT_PRODUCTS_DIR; };
		09D9508B1FB691FC004EF16B /* SquatCheckTests.swift */ = {isa = PBXFileReference; lastKnownFileType = sourcecode.swift; path = SquatCheckTests.swift; sourceTree = "<group>"; };
		09D9508D1FB691FC004EF16B /* Info.plist */ = {isa = PBXFileReference; lastKnownFileType = text.plist.xml; path = Info.plist; sourceTree = "<group>"; };
		09D950921FB691FC004EF16B /* SquatCheckUITests.xctest */ = {isa = PBXFileReference; explicitFileType = wrapper.cfbundle; includeInIndex = 0; path = SquatCheckUITests.xctest; sourceTree = BUILT_PRODUCTS_DIR; };
		09D950961FB691FC004EF16B /* SquatCheckUITests.swift */ = {isa = PBXFileReference; lastKnownFileType = sourcecode.swift; path = SquatCheckUITests.swift; sourceTree = "<group>"; };
		09D950981FB691FC004EF16B /* Info.plist */ = {isa = PBXFileReference; lastKnownFileType = text.plist.xml; path = Info.plist; sourceTree = "<group>"; };
		09D950A41FB69325004EF16B /* FrameExtractor.swift */ = {isa = PBXFileReference; lastKnownFileType = sourcecode.swift; path = FrameExtractor.swift; sourceTree = "<group>"; };
		09E96FFD1FB7630400832620 /* FeedbackViewController.swift */ = {isa = PBXFileReference; lastKnownFileType = sourcecode.swift; path = FeedbackViewController.swift; sourceTree = "<group>"; };
/* End PBXFileReference section */

/* Begin PBXFrameworksBuildPhase section */
		09D9506D1FB691FC004EF16B /* Frameworks */ = {
			isa = PBXFrameworksBuildPhase;
			buildActionMask = 2147483647;
			files = (
			);
			runOnlyForDeploymentPostprocessing = 0;
		};
		09D950841FB691FC004EF16B /* Frameworks */ = {
			isa = PBXFrameworksBuildPhase;
			buildActionMask = 2147483647;
			files = (
			);
			runOnlyForDeploymentPostprocessing = 0;
		};
		09D9508F1FB691FC004EF16B /* Frameworks */ = {
			isa = PBXFrameworksBuildPhase;
			buildActionMask = 2147483647;
			files = (
			);
			runOnlyForDeploymentPostprocessing = 0;
		};
/* End PBXFrameworksBuildPhase section */

/* Begin PBXGroup section */
		09D950671FB691FC004EF16B = {
			isa = PBXGroup;
			children = (
				09D950721FB691FC004EF16B /* SquatCheck */,
				09D9508A1FB691FC004EF16B /* SquatCheckTests */,
				09D950951FB691FC004EF16B /* SquatCheckUITests */,
				09D950711FB691FC004EF16B /* Products */,
			);
			sourceTree = "<group>";
		};
		09D950711FB691FC004EF16B /* Products */ = {
			isa = PBXGroup;
			children = (
				09D950701FB691FC004EF16B /* SquatCheck.app */,
				09D950871FB691FC004EF16B /* SquatCheckTests.xctest */,
				09D950921FB691FC004EF16B /* SquatCheckUITests.xctest */,
			);
			name = Products;
			sourceTree = "<group>";
		};
		09D950721FB691FC004EF16B /* SquatCheck */ = {
			isa = PBXGroup;
			children = (
				091F88F81FB81B8700572604 /* HomeViewController.swift */,
				0956A41B1FB804C400FC125A /* DetailedFeedbackViewController.swift */,
				099ED9F61FB7B9E700D3B8A5 /* FeedbackTableViewCell.swift */,
				09E96FFD1FB7630400832620 /* FeedbackViewController.swift */,
				09A35FB21FB723FC00434823 /* openposescale.mlmodel */,
				095C11671FB6EB9C009FDBFB /* Array.swift */,
				09D950731FB691FC004EF16B /* AppDelegate.swift */,
				095C11691FB6EBA4009FDBFB /* CVPixelBuffer+Helpers.swift */,
				095C116B1FB6EBAB009FDBFB /* Math.swift */,
				095C116D1FB6EBB3009FDBFB /* MLMultiArray+Image.swift */,
				095C116F1FB6EBBA009FDBFB /* MultiArray.swift */,
				095C11731FB6EBCE009FDBFB /* Predictions.swift */,
				09D950751FB691FC004EF16B /* ViewController.swift */,
				095C11751FB6EBD5009FDBFB /* UIImage+CVPixelBuffer.swift */,
				095C11711FB6EBC3009FDBFB /* NonMaxSuppression.swift */,
				09D950A41FB69325004EF16B /* FrameExtractor.swift */,
				09D950771FB691FC004EF16B /* Main.storyboard */,
				09D9507D1FB691FC004EF16B /* Assets.xcassets */,
				09D9507F1FB691FC004EF16B /* LaunchScreen.storyboard */,
				09D950821FB691FC004EF16B /* Info.plist */,
				09D9507A1FB691FC004EF16B /* SquatCheck.xcdatamodeld */,
			);
			path = SquatCheck;
			sourceTree = "<group>";
		};
		09D9508A1FB691FC004EF16B /* SquatCheckTests */ = {
			isa = PBXGroup;
			children = (
				09D9508B1FB691FC004EF16B /* SquatCheckTests.swift */,
				09D9508D1FB691FC004EF16B /* Info.plist */,
			);
			path = SquatCheckTests;
			sourceTree = "<group>";
		};
		09D950951FB691FC004EF16B /* SquatCheckUITests */ = {
			isa = PBXGroup;
			children = (
				09D950961FB691FC004EF16B /* SquatCheckUITests.swift */,
				09D950981FB691FC004EF16B /* Info.plist */,
			);
			path = SquatCheckUITests;
			sourceTree = "<group>";
		};
/* End PBXGroup section */

/* Begin PBXNativeTarget section */
		09D9506F1FB691FC004EF16B /* SquatCheck */ = {
			isa = PBXNativeTarget;
			buildConfigurationList = 09D9509B1FB691FC004EF16B /* Build configuration list for PBXNativeTarget "SquatCheck" */;
			buildPhases = (
				09D9506C1FB691FC004EF16B /* Sources */,
				09D9506D1FB691FC004EF16B /* Frameworks */,
				09D9506E1FB691FC004EF16B /* Resources */,
			);
			buildRules = (
			);
			dependencies = (
			);
			name = SquatCheck;
			productName = SquatCheck;
			productReference = 09D950701FB691FC004EF16B /* SquatCheck.app */;
			productType = "com.apple.product-type.application";
		};
		09D950861FB691FC004EF16B /* SquatCheckTests */ = {
			isa = PBXNativeTarget;
			buildConfigurationList = 09D9509E1FB691FC004EF16B /* Build configuration list for PBXNativeTarget "SquatCheckTests" */;
			buildPhases = (
				09D950831FB691FC004EF16B /* Sources */,
				09D950841FB691FC004EF16B /* Frameworks */,
				09D950851FB691FC004EF16B /* Resources */,
			);
			buildRules = (
			);
			dependencies = (
				09D950891FB691FC004EF16B /* PBXTargetDependency */,
			);
			name = SquatCheckTests;
			productName = SquatCheckTests;
			productReference = 09D950871FB691FC004EF16B /* SquatCheckTests.xctest */;
			productType = "com.apple.product-type.bundle.unit-test";
		};
		09D950911FB691FC004EF16B /* SquatCheckUITests */ = {
			isa = PBXNativeTarget;
			buildConfigurationList = 09D950A11FB691FC004EF16B /* Build configuration list for PBXNativeTarget "SquatCheckUITests" */;
			buildPhases = (
				09D9508E1FB691FC004EF16B /* Sources */,
				09D9508F1FB691FC004EF16B /* Frameworks */,
				09D950901FB691FC004EF16B /* Resources */,
			);
			buildRules = (
			);
			dependencies = (
				09D950941FB691FC004EF16B /* PBXTargetDependency */,
			);
			name = SquatCheckUITests;
			productName = SquatCheckUITests;
			productReference = 09D950921FB691FC004EF16B /* SquatCheckUITests.xctest */;
			productType = "com.apple.product-type.bundle.ui-testing";
		};
/* End PBXNativeTarget section */

/* Begin PBXProject section */
		09D950681FB691FC004EF16B /* Project object */ = {
			isa = PBXProject;
			attributes = {
				LastSwiftUpdateCheck = 0900;
				LastUpgradeCheck = 0900;
				ORGANIZATIONNAME = "Seyoon Ragavan";
				TargetAttributes = {
					09D9506F1FB691FC004EF16B = {
						CreatedOnToolsVersion = 9.0;
						ProvisioningStyle = Automatic;
					};
					09D950861FB691FC004EF16B = {
						CreatedOnToolsVersion = 9.0;
						ProvisioningStyle = Automatic;
						TestTargetID = 09D9506F1FB691FC004EF16B;
					};
					09D950911FB691FC004EF16B = {
						CreatedOnToolsVersion = 9.0;
						ProvisioningStyle = Automatic;
						TestTargetID = 09D9506F1FB691FC004EF16B;
					};
				};
			};
			buildConfigurationList = 09D9506B1FB691FC004EF16B /* Build configuration list for PBXProject "SquatCheck" */;
			compatibilityVersion = "Xcode 8.0";
			developmentRegion = en;
			hasScannedForEncodings = 0;
			knownRegions = (
				en,
				Base,
			);
			mainGroup = 09D950671FB691FC004EF16B;
			productRefGroup = 09D950711FB691FC004EF16B /* Products */;
			projectDirPath = "";
			projectRoot = "";
			targets = (
				09D9506F1FB691FC004EF16B /* SquatCheck */,
				09D950861FB691FC004EF16B /* SquatCheckTests */,
				09D950911FB691FC004EF16B /* SquatCheckUITests */,
			);
		};
/* End PBXProject section */

/* Begin PBXResourcesBuildPhase section */
		09D9506E1FB691FC004EF16B /* Resources */ = {
			isa = PBXResourcesBuildPhase;
			buildActionMask = 2147483647;
			files = (
				09D950811FB691FC004EF16B /* LaunchScreen.storyboard in Resources */,
				09D9507E1FB691FC004EF16B /* Assets.xcassets in Resources */,
				09D950791FB691FC004EF16B /* Main.storyboard in Resources */,
			);
			runOnlyForDeploymentPostprocessing = 0;
		};
		09D950851FB691FC004EF16B /* Resources */ = {
			isa = PBXResourcesBuildPhase;
			buildActionMask = 2147483647;
			files = (
			);
			runOnlyForDeploymentPostprocessing = 0;
		};
		09D950901FB691FC004EF16B /* Resources */ = {
			isa = PBXResourcesBuildPhase;
			buildActionMask = 2147483647;
			files = (
			);
			runOnlyForDeploymentPostprocessing = 0;
		};
/* End PBXResourcesBuildPhase section */

/* Begin PBXSourcesBuildPhase section */
		09D9506C1FB691FC004EF16B /* Sources */ = {
			isa = PBXSourcesBuildPhase;
			buildActionMask = 2147483647;
			files = (
				09A35FB31FB7243D00434823 /* openposescale.mlmodel in Sources */,
				095C11701FB6EBBB009FDBFB /* MultiArray.swift in Sources */,
				095C11741FB6EBCF009FDBFB /* Predictions.swift in Sources */,
				091F88F91FB81B8700572604 /* HomeViewController.swift in Sources */,
				09D9507C1FB691FC004EF16B /* SquatCheck.xcdatamodeld in Sources */,
				09D950761FB691FC004EF16B /* ViewController.swift in Sources */,
				099ED9F71FB7B9E700D3B8A5 /* FeedbackTableViewCell.swift in Sources */,
				095C11761FB6EBD5009FDBFB /* UIImage+CVPixelBuffer.swift in Sources */,
				095C11721FB6EBC3009FDBFB /* NonMaxSuppression.swift in Sources */,
				095C11681FB6EB9D009FDBFB /* Array.swift in Sources */,
				095C116A1FB6EBA4009FDBFB /* CVPixelBuffer+Helpers.swift in Sources */,
				09E96FFE1FB7630400832620 /* FeedbackViewController.swift in Sources */,
				09D950A51FB69325004EF16B /* FrameExtractor.swift in Sources */,
				095C116E1FB6EBB3009FDBFB /* MLMultiArray+Image.swift in Sources */,
				09D950741FB691FC004EF16B /* AppDelegate.swift in Sources */,
				095C116C1FB6EBAB009FDBFB /* Math.swift in Sources */,
				0956A41C1FB804C400FC125A /* DetailedFeedbackViewController.swift in Sources */,
			);
			runOnlyForDeploymentPostprocessing = 0;
		};
		09D950831FB691FC004EF16B /* Sources */ = {
			isa = PBXSourcesBuildPhase;
			buildActionMask = 2147483647;
			files = (
				09D9508C1FB691FC004EF16B /* SquatCheckTests.swift in Sources */,
			);
			runOnlyForDeploymentPostprocessing = 0;
		};
		09D9508E1FB691FC004EF16B /* Sources */ = {
			isa = PBXSourcesBuildPhase;
			buildActionMask = 2147483647;
			files = (
				09D950971FB691FC004EF16B /* SquatCheckUITests.swift in Sources */,
			);
			runOnlyForDeploymentPostprocessing = 0;
		};
/* End PBXSourcesBuildPhase section */

/* Begin PBXTargetDependency section */
		09D950891FB691FC004EF16B /* PBXTargetDependency */ = {
			isa = PBXTargetDependency;
			target = 09D9506F1FB691FC004EF16B /* SquatCheck */;
			targetProxy = 09D950881FB691FC004EF16B /* PBXContainerItemProxy */;
		};
		09D950941FB691FC004EF16B /* PBXTargetDependency */ = {
			isa = PBXTargetDependency;
			target = 09D9506F1FB691FC004EF16B /* SquatCheck */;
			targetProxy = 09D950931FB691FC004EF16B /* PBXContainerItemProxy */;
		};
/* End PBXTargetDependency section */

/* Begin PBXVariantGroup section */
		09D950771FB691FC004EF16B /* Main.storyboard */ = {
			isa = PBXVariantGroup;
			children = (
				09D950781FB691FC004EF16B /* Base */,
			);
			name = Main.storyboard;
			sourceTree = "<group>";
		};
		09D9507F1FB691FC004EF16B /* LaunchScreen.storyboard */ = {
			isa = PBXVariantGroup;
			children = (
				09D950801FB691FC004EF16B /* Base */,
			);
			name = LaunchScreen.storyboard;
			sourceTree = "<group>";
		};
/* End PBXVariantGroup section */

/* Begin XCBuildConfiguration section */
		09D950991FB691FC004EF16B /* Debug */ = {
			isa = XCBuildConfiguration;
			buildSettings = {
				ALWAYS_SEARCH_USER_PATHS = NO;
				CLANG_ANALYZER_NONNULL = YES;
				CLANG_ANALYZER_NUMBER_OBJECT_CONVERSION = YES_AGGRESSIVE;
				CLANG_CXX_LANGUAGE_STANDARD = "gnu++14";
				CLANG_CXX_LIBRARY = "libc++";
				CLANG_ENABLE_MODULES = YES;
				CLANG_ENABLE_OBJC_ARC = YES;
				CLANG_WARN_BLOCK_CAPTURE_AUTORELEASING = YES;
				CLANG_WARN_BOOL_CONVERSION = YES;
				CLANG_WARN_COMMA = YES;
				CLANG_WARN_CONSTANT_CONVERSION = YES;
				CLANG_WARN_DIRECT_OBJC_ISA_USAGE = YES_ERROR;
				CLANG_WARN_DOCUMENTATION_COMMENTS = YES;
				CLANG_WARN_EMPTY_BODY = YES;
				CLANG_WARN_ENUM_CONVERSION = YES;
				CLANG_WARN_INFINITE_RECURSION = YES;
				CLANG_WARN_INT_CONVERSION = YES;
				CLANG_WARN_NON_LITERAL_NULL_CONVERSION = YES;
				CLANG_WARN_OBJC_LITERAL_CONVERSION = YES;
				CLANG_WARN_OBJC_ROOT_CLASS = YES_ERROR;
				CLANG_WARN_RANGE_LOOP_ANALYSIS = YES;
				CLANG_WARN_STRICT_PROTOTYPES = YES;
				CLANG_WARN_SUSPICIOUS_MOVE = YES;
				CLANG_WARN_UNGUARDED_AVAILABILITY = YES_AGGRESSIVE;
				CLANG_WARN_UNREACHABLE_CODE = YES;
				CLANG_WARN__DUPLICATE_METHOD_MATCH = YES;
				CODE_SIGN_IDENTITY = "iPhone Developer";
				COPY_PHASE_STRIP = NO;
				DEBUG_INFORMATION_FORMAT = dwarf;
				ENABLE_STRICT_OBJC_MSGSEND = YES;
				ENABLE_TESTABILITY = YES;
				GCC_C_LANGUAGE_STANDARD = gnu11;
				GCC_DYNAMIC_NO_PIC = NO;
				GCC_NO_COMMON_BLOCKS = YES;
				GCC_OPTIMIZATION_LEVEL = 0;
				GCC_PREPROCESSOR_DEFINITIONS = (
					"DEBUG=1",
					"$(inherited)",
				);
				GCC_WARN_64_TO_32_BIT_CONVERSION = YES;
				GCC_WARN_ABOUT_RETURN_TYPE = YES_ERROR;
				GCC_WARN_UNDECLARED_SELECTOR = YES;
				GCC_WARN_UNINITIALIZED_AUTOS = YES_AGGRESSIVE;
				GCC_WARN_UNUSED_FUNCTION = YES;
				GCC_WARN_UNUSED_VARIABLE = YES;
				IPHONEOS_DEPLOYMENT_TARGET = 11.0;
				MTL_ENABLE_DEBUG_INFO = YES;
				ONLY_ACTIVE_ARCH = YES;
				SDKROOT = iphoneos;
				SWIFT_ACTIVE_COMPILATION_CONDITIONS = DEBUG;
				SWIFT_OPTIMIZATION_LEVEL = "-Onone";
			};
			name = Debug;
		};
		09D9509A1FB691FC004EF16B /* Release */ = {
			isa = XCBuildConfiguration;
			buildSettings = {
				ALWAYS_SEARCH_USER_PATHS = NO;
				CLANG_ANALYZER_NONNULL = YES;
				CLANG_ANALYZER_NUMBER_OBJECT_CONVERSION = YES_AGGRESSIVE;
				CLANG_CXX_LANGUAGE_STANDARD = "gnu++14";
				CLANG_CXX_LIBRARY = "libc++";
				CLANG_ENABLE_MODULES = YES;
				CLANG_ENABLE_OBJC_ARC = YES;
				CLANG_WARN_BLOCK_CAPTURE_AUTORELEASING = YES;
				CLANG_WARN_BOOL_CONVERSION = YES;
				CLANG_WARN_COMMA = YES;
				CLANG_WARN_CONSTANT_CONVERSION = YES;
				CLANG_WARN_DIRECT_OBJC_ISA_USAGE = YES_ERROR;
				CLANG_WARN_DOCUMENTATION_COMMENTS = YES;
				CLANG_WARN_EMPTY_BODY = YES;
				CLANG_WARN_ENUM_CONVERSION = YES;
				CLANG_WARN_INFINITE_RECURSION = YES;
				CLANG_WARN_INT_CONVERSION = YES;
				CLANG_WARN_NON_LITERAL_NULL_CONVERSION = YES;
				CLANG_WARN_OBJC_LITERAL_CONVERSION = YES;
				CLANG_WARN_OBJC_ROOT_CLASS = YES_ERROR;
				CLANG_WARN_RANGE_LOOP_ANALYSIS = YES;
				CLANG_WARN_STRICT_PROTOTYPES = YES;
				CLANG_WARN_SUSPICIOUS_MOVE = YES;
				CLANG_WARN_UNGUARDED_AVAILABILITY = YES_AGGRESSIVE;
				CLANG_WARN_UNREACHABLE_CODE = YES;
				CLANG_WARN__DUPLICATE_METHOD_MATCH = YES;
				CODE_SIGN_IDENTITY = "iPhone Developer";
				COPY_PHASE_STRIP = NO;
				DEBUG_INFORMATION_FORMAT = "dwarf-with-dsym";
				ENABLE_NS_ASSERTIONS = NO;
				ENABLE_STRICT_OBJC_MSGSEND = YES;
				GCC_C_LANGUAGE_STANDARD = gnu11;
				GCC_NO_COMMON_BLOCKS = YES;
				GCC_WARN_64_TO_32_BIT_CONVERSION = YES;
				GCC_WARN_ABOUT_RETURN_TYPE = YES_ERROR;
				GCC_WARN_UNDECLARED_SELECTOR = YES;
				GCC_WARN_UNINITIALIZED_AUTOS = YES_AGGRESSIVE;
				GCC_WARN_UNUSED_FUNCTION = YES;
				GCC_WARN_UNUSED_VARIABLE = YES;
				IPHONEOS_DEPLOYMENT_TARGET = 11.0;
				MTL_ENABLE_DEBUG_INFO = NO;
				SDKROOT = iphoneos;
				SWIFT_OPTIMIZATION_LEVEL = "-Owholemodule";
				VALIDATE_PRODUCT = YES;
			};
			name = Release;
		};
		09D9509C1FB691FC004EF16B /* Debug */ = {
			isa = XCBuildConfiguration;
			buildSettings = {
				ASSETCATALOG_COMPILER_APPICON_NAME = AppIcon;
				CODE_SIGN_STYLE = Automatic;
				DEVELOPMENT_TEAM = G25NURUCR7;
				INFOPLIST_FILE = SquatCheck/Info.plist;
				IPHONEOS_DEPLOYMENT_TARGET = 11.0;
				LD_RUNPATH_SEARCH_PATHS = "$(inherited) @executable_path/Frameworks";
				PRODUCT_BUNDLE_IDENTIFIER = sragavan.SquatCheck;
				PRODUCT_NAME = "$(TARGET_NAME)";
				SWIFT_VERSION = 4.0;
				TARGETED_DEVICE_FAMILY = "1,2";
			};
			name = Debug;
		};
		09D9509D1FB691FC004EF16B /* Release */ = {
			isa = XCBuildConfiguration;
			buildSettings = {
				ASSETCATALOG_COMPILER_APPICON_NAME = AppIcon;
				CODE_SIGN_STYLE = Automatic;
				DEVELOPMENT_TEAM = G25NURUCR7;
				INFOPLIST_FILE = SquatCheck/Info.plist;
				IPHONEOS_DEPLOYMENT_TARGET = 11.0;
				LD_RUNPATH_SEARCH_PATHS = "$(inherited) @executable_path/Frameworks";
				PRODUCT_BUNDLE_IDENTIFIER = sragavan.SquatCheck;
				PRODUCT_NAME = "$(TARGET_NAME)";
				SWIFT_VERSION = 4.0;
				TARGETED_DEVICE_FAMILY = "1,2";
			};
			name = Release;
		};
		09D9509F1FB691FC004EF16B /* Debug */ = {
			isa = XCBuildConfiguration;
			buildSettings = {
				ALWAYS_EMBED_SWIFT_STANDARD_LIBRARIES = YES;
				BUNDLE_LOADER = "$(TEST_HOST)";
				CODE_SIGN_STYLE = Automatic;
				DEVELOPMENT_TEAM = G25NURUCR7;
				INFOPLIST_FILE = SquatCheckTests/Info.plist;
				LD_RUNPATH_SEARCH_PATHS = "$(inherited) @executable_path/Frameworks @loader_path/Frameworks";
				PRODUCT_BUNDLE_IDENTIFIER = sragavan.SquatCheckTests;
				PRODUCT_NAME = "$(TARGET_NAME)";
				SWIFT_VERSION = 4.0;
				TARGETED_DEVICE_FAMILY = "1,2";
				TEST_HOST = "$(BUILT_PRODUCTS_DIR)/SquatCheck.app/SquatCheck";
			};
			name = Debug;
		};
		09D950A01FB691FC004EF16B /* Release */ = {
			isa = XCBuildConfiguration;
			buildSettings = {
				ALWAYS_EMBED_SWIFT_STANDARD_LIBRARIES = YES;
				BUNDLE_LOADER = "$(TEST_HOST)";
				CODE_SIGN_STYLE = Automatic;
				DEVELOPMENT_TEAM = G25NURUCR7;
				INFOPLIST_FILE = SquatCheckTests/Info.plist;
				LD_RUNPATH_SEARCH_PATHS = "$(inherited) @executable_path/Frameworks @loader_path/Frameworks";
				PRODUCT_BUNDLE_IDENTIFIER = sragavan.SquatCheckTests;
				PRODUCT_NAME = "$(TARGET_NAME)";
				SWIFT_VERSION = 4.0;
				TARGETED_DEVICE_FAMILY = "1,2";
				TEST_HOST = "$(BUILT_PRODUCTS_DIR)/SquatCheck.app/SquatCheck";
			};
			name = Release;
		};
		09D950A21FB691FC004EF16B /* Debug */ = {
			isa = XCBuildConfiguration;
			buildSettings = {
				ALWAYS_EMBED_SWIFT_STANDARD_LIBRARIES = YES;
				CODE_SIGN_STYLE = Automatic;
				DEVELOPMENT_TEAM = G25NURUCR7;
				INFOPLIST_FILE = SquatCheckUITests/Info.plist;
				LD_RUNPATH_SEARCH_PATHS = "$(inherited) @executable_path/Frameworks @loader_path/Frameworks";
				PRODUCT_BUNDLE_IDENTIFIER = sragavan.SquatCheckUITests;
				PRODUCT_NAME = "$(TARGET_NAME)";
				SWIFT_VERSION = 4.0;
				TARGETED_DEVICE_FAMILY = "1,2";
				TEST_TARGET_NAME = SquatCheck;
			};
			name = Debug;
		};
		09D950A31FB691FC004EF16B /* Release */ = {
			isa = XCBuildConfiguration;
			buildSettings = {
				ALWAYS_EMBED_SWIFT_STANDARD_LIBRARIES = YES;
				CODE_SIGN_STYLE = Automatic;
				DEVELOPMENT_TEAM = G25NURUCR7;
				INFOPLIST_FILE = SquatCheckUITests/Info.plist;
				LD_RUNPATH_SEARCH_PATHS = "$(inherited) @executable_path/Frameworks @loader_path/Frameworks";
				PRODUCT_BUNDLE_IDENTIFIER = sragavan.SquatCheckUITests;
				PRODUCT_NAME = "$(TARGET_NAME)";
				SWIFT_VERSION = 4.0;
				TARGETED_DEVICE_FAMILY = "1,2";
				TEST_TARGET_NAME = SquatCheck;
			};
			name = Release;
		};
/* End XCBuildConfiguration section */

/* Begin XCConfigurationList section */
		09D9506B1FB691FC004EF16B /* Build configuration list for PBXProject "SquatCheck" */ = {
			isa = XCConfigurationList;
			buildConfigurations = (
				09D950991FB691FC004EF16B /* Debug */,
				09D9509A1FB691FC004EF16B /* Release */,
			);
			defaultConfigurationIsVisible = 0;
			defaultConfigurationName = Release;
		};
		09D9509B1FB691FC004EF16B /* Build configuration list for PBXNativeTarget "SquatCheck" */ = {
			isa = XCConfigurationList;
			buildConfigurations = (
				09D9509C1FB691FC004EF16B /* Debug */,
				09D9509D1FB691FC004EF16B /* Release */,
			);
			defaultConfigurationIsVisible = 0;
			defaultConfigurationName = Release;
		};
		09D9509E1FB691FC004EF16B /* Build configuration list for PBXNativeTarget "SquatCheckTests" */ = {
			isa = XCConfigurationList;
			buildConfigurations = (
				09D9509F1FB691FC004EF16B /* Debug */,
				09D950A01FB691FC004EF16B /* Release */,
			);
			defaultConfigurationIsVisible = 0;
			defaultConfigurationName = Release;
		};
		09D950A11FB691FC004EF16B /* Build configuration list for PBXNativeTarget "SquatCheckUITests" */ = {
			isa = XCConfigurationList;
			buildConfigurations = (
				09D950A21FB691FC004EF16B /* Debug */,
				09D950A31FB691FC004EF16B /* Release */,
			);
			defaultConfigurationIsVisible = 0;
			defaultConfigurationName = Release;
		};
/* End XCConfigurationList section */

/* Begin XCVersionGroup section */
		09D9507A1FB691FC004EF16B /* SquatCheck.xcdatamodeld */ = {
			isa = XCVersionGroup;
			children = (
				09D9507B1FB691FC004EF16B /* SquatCheck.xcdatamodel */,
			);
			currentVersion = 09D9507B1FB691FC004EF16B /* SquatCheck.xcdatamodel */;
			path = SquatCheck.xcdatamodeld;
			sourceTree = "<group>";
			versionGroupType = wrapper.xcdatamodel;
		};
/* End XCVersionGroup section */
	};
	rootObject = 09D950681FB691FC004EF16B /* Project object */;
}
